# @generated - this file is auto-generated by `mise lock` https://mise.jdx.dev/dev-tools/mise-lock.html

[[tools."aqua:XcodesOrg/xcodes"]]
version = "2.0.3"
backend = "aqua:XcodesOrg/xcodes"

[tools."aqua:XcodesOrg/xcodes"."platforms.macos-arm64"]
checksum = "sha256:9ccb3398dc72aca17174b705ee1657c69747fec25663fc85d2dffb8702ff37aa"
url = "https://github.com/XcodesOrg/xcodes/releases/download/2.0.3/xcodes.zip"
url_api = "https://api.github.com/repos/XcodesOrg/xcodes/releases/assets/469874299"

[[tools."aqua:astral-sh/ruff"]]
version = "0.16.2"
backend = "aqua:astral-sh/ruff"

[tools."aqua:astral-sh/ruff"."platforms.linux-arm64"]
checksum = "sha256:7cc696f9d89cfeef02167301feedfc3017061fe45df3688b4f3589cde90a1139"
url = "https://github.com/astral-sh/ruff/releases/download/0.16.2/ruff-aarch64-unknown-linux-musl.tar.gz"
url_api = "https://api.github.com/repos/astral-sh/ruff/releases/assets/505191631"
provenance = "github-attestations"

[tools."aqua:astral-sh/ruff"."platforms.linux-x64"]
checksum = "sha256:df690c6a80a7c41b6f1154dd0b5dfc152a209cafa06ffd3d4ff30f9751f4965c"
url = "https://github.com/astral-sh/ruff/releases/download/0.16.2/ruff-x86_64-unknown-linux-musl.tar.gz"
url_api = "https://api.github.com/repos/astral-sh/ruff/releases/assets/505191732"
provenance = "github-attestations"

[tools."aqua:astral-sh/ruff"."platforms.macos-arm64"]
checksum = "sha256:fbf6cbc23d254b0bc03a6fb2b1b04efb917fe5ce068d027e735ce7ed65b9bed6"
url = "https://github.com/astral-sh/ruff/releases/download/0.16.2/ruff-aarch64-apple-darwin.tar.gz"
url_api = "https://api.github.com/repos/astral-sh/ruff/releases/assets/505191610"
provenance = "github-attestations"

[tools."aqua:astral-sh/ruff"."platforms.windows-arm64"]
checksum = "sha256:c709bbb65f5e9a730aa341842836f3c5fd619c305fd0ae8509846edca39e73b0"
url = "https://github.com/astral-sh/ruff/releases/download/0.16.2/ruff-aarch64-pc-windows-msvc.zip"
url_api = "https://api.github.com/repos/astral-sh/ruff/releases/assets/505191613"
provenance = "github-attestations"

[tools."aqua:astral-sh/ruff"."platforms.windows-x64"]
checksum = "sha256:84d2c6761bef8a299156bd24559aa1499024041b378dcb5e70ee85f7df12b1af"
url = "https://github.com/astral-sh/ruff/releases/download/0.16.2/ruff-x86_64-pc-windows-msvc.zip"
url_api = "https://api.github.com/repos/astral-sh/ruff/releases/assets/505191722"
provenance = "github-attestations"

[[tools."aqua:dprint/dprint"]]
version = "0.55.2"
backend = "aqua:dprint/dprint"

[tools."aqua:dprint/dprint"."platforms.linux-arm64"]
checksum = "sha256:f0101217dd0abc94f1ac01b83d306d0288aeee8a501e8614a5e2bbe037500be0"
url = "https://github.com/dprint/dprint/releases/download/0.55.2/dprint-aarch64-unknown-linux-musl.zip"
url_api = "https://api.github.com/repos/dprint/dprint/releases/assets/477041358"

[tools."aqua:dprint/dprint"."platforms.linux-x64"]
checksum = "sha256:45fc0eef3216af21c4c22c6e7e233aa45c3080fac07b6e94db7008a5c8e5c67a"
url = "https://github.com/dprint/dprint/releases/download/0.55.2/dprint-x86_64-unknown-linux-musl.zip"
url_api = "https://api.github.com/repos/dprint/dprint/releases/assets/477041351"

[tools."aqua:dprint/dprint"."platforms.macos-arm64"]
checksum = "sha256:e9ba8ed7988f3350501a8cf8af92da616cdec8d9d5c831c069293c587311b49d"
url = "https://github.com/dprint/dprint/releases/download/0.55.2/dprint-aarch64-apple-darwin.zip"
url_api = "https://api.github.com/repos/dprint/dprint/releases/assets/477041350"

[tools."aqua:dprint/dprint"."platforms.windows-arm64"]
checksum = "sha256:12e8c26abc8c436223e70f5a30a2864001c92fa356a859eb93e06b97ab7dbd12"
url = "https://github.com/dprint/dprint/releases/download/0.55.2/dprint-x86_64-pc-windows-msvc.zip"
url_api = "https://api.github.com/repos/dprint/dprint/releases/assets/477041355"

[tools."aqua:dprint/dprint"."platforms.windows-x64"]
checksum = "sha256:12e8c26abc8c436223e70f5a30a2864001c92fa356a859eb93e06b97ab7dbd12"
url = "https://github.com/dprint/dprint/releases/download/0.55.2/dprint-x86_64-pc-windows-msvc.zip"
url_api = "https://api.github.com/repos/dprint/dprint/releases/assets/477041355"

[[tools."aqua:facebook/ktfmt"]]
version = "0.64"
backend = "aqua:facebook/ktfmt"

[tools."aqua:facebook/ktfmt"."platforms.linux-arm64"]
checksum = "sha256:b8fbb814808d8da33f74a7bbacb6d1748cef81c0202a7f829b87139520b51273"
url = "https://github.com/Kotlin/ktfmt/releases/download/v0.64/ktfmt-0.64-with-dependencies.jar"
url_api = "https://api.github.com/repos/Kotlin/ktfmt/releases/assets/456171177"

[tools."aqua:facebook/ktfmt"."platforms.linux-x64"]
checksum = "sha256:b8fbb814808d8da33f74a7bbacb6d1748cef81c0202a7f829b87139520b51273"
url = "https://github.com/Kotlin/ktfmt/releases/download/v0.64/ktfmt-0.64-with-dependencies.jar"
url_api = "https://api.github.com/repos/Kotlin/ktfmt/releases/assets/456171177"

[tools."aqua:facebook/ktfmt"."platforms.macos-arm64"]
checksum = "sha256:b8fbb814808d8da33f74a7bbacb6d1748cef81c0202a7f829b87139520b51273"
url = "https://github.com/Kotlin/ktfmt/releases/download/v0.64/ktfmt-0.64-with-dependencies.jar"
url_api = "https://api.github.com/repos/Kotlin/ktfmt/releases/assets/456171177"

[tools."aqua:facebook/ktfmt"."platforms.windows-arm64"]
checksum = "sha256:b8fbb814808d8da33f74a7bbacb6d1748cef81c0202a7f829b87139520b51273"
url = "https://github.com/Kotlin/ktfmt/releases/download/v0.64/ktfmt-0.64-with-dependencies.jar"
url_api = "https://api.github.com/repos/Kotlin/ktfmt/releases/assets/456171177"

[tools."aqua:facebook/ktfmt"."platforms.windows-x64"]
checksum = "sha256:b8fbb814808d8da33f74a7bbacb6d1748cef81c0202a7f829b87139520b51273"
url = "https://github.com/Kotlin/ktfmt/releases/download/v0.64/ktfmt-0.64-with-dependencies.jar"
url_api = "https://api.github.com/repos/Kotlin/ktfmt/releases/assets/456171177"

[[tools."aqua:jdx/hk"]]
version = "1.54.1"
backend = "aqua:jdx/hk"

[tools."aqua:jdx/hk"."platforms.linux-arm64"]
checksum = "sha256:e00420ef742e2e222c2030253a8fa868033daf43fe670de17c2e6957dc577443"
url = "https://github.com/jdx/hk/releases/download/v1.54.1/hk-aarch64-unknown-linux-gnu.tar.gz"
url_api = "https://api.github.com/repos/jdx/hk/releases/assets/505018166"

[tools."aqua:jdx/hk"."platforms.linux-x64"]
checksum = "sha256:20775cfb4e8065aa25e790d888856d4d62cc2e688725c010f8a5fc112aa759b5"
url = "https://github.com/jdx/hk/releases/download/v1.54.1/hk-x86_64-unknown-linux-gnu.tar.gz"
url_api = "https://api.github.com/repos/jdx/hk/releases/assets/505018180"

[tools."aqua:jdx/hk"."platforms.macos-arm64"]
checksum = "sha256:8384262050e5f523c58af9e23cd92e2274e38cf95b4e72cf66f63545afa149b2"
url = "https://github.com/jdx/hk/releases/download/v1.54.1/hk-aarch64-apple-darwin.tar.gz"
url_api = "https://api.github.com/repos/jdx/hk/releases/assets/505018164"

[tools."aqua:jdx/hk"."platforms.windows-arm64"]
checksum = "sha256:a1921508a57d01e8ebd4e4e9b4daffdd8f9f95c36ee5e654bc1b09af4c8caf1b"
url = "https://github.com/jdx/hk/releases/download/v1.54.1/hk-aarch64-pc-windows-msvc.zip"
url_api = "https://api.github.com/repos/jdx/hk/releases/assets/505018163"

[tools."aqua:jdx/hk"."platforms.windows-x64"]
checksum = "sha256:32c28a6ec024ddfd59482334f0225f6e6c5202fdb3a5fdc74f3c987a1fd08007"
url = "https://github.com/jdx/hk/releases/download/v1.54.1/hk-x86_64-pc-windows-msvc.zip"
url_api = "https://api.github.com/repos/jdx/hk/releases/assets/505018165"

[[tools."aqua:koalaman/shellcheck"]]
version = "0.11.0"
backend = "aqua:koalaman/shellcheck"

[tools."aqua:koalaman/shellcheck"."platforms.linux-arm64"]
checksum = "sha256:12b331c1d2db6b9eb13cfca64306b1b157a86eb69db83023e261eaa7e7c14588"
url = "https://github.com/koalaman/shellcheck/releases/download/v0.11.0/shellcheck-v0.11.0.linux.aarch64.tar.xz"
url_api = "https://api.github.com/repos/koalaman/shellcheck/releases/assets/279056934"

[tools."aqua:koalaman/shellcheck"."platforms.linux-x64"]
checksum = "sha256:8c3be12b05d5c177a04c29e3c78ce89ac86f1595681cab149b65b97c4e227198"
url = "https://github.com/koalaman/shellcheck/releases/download/v0.11.0/shellcheck-v0.11.0.linux.x86_64.tar.xz"
url_api = "https://api.github.com/repos/koalaman/shellcheck/releases/assets/279056942"

[tools."aqua:koalaman/shellcheck"."platforms.macos-arm64"]
checksum = "sha256:56affdd8de5527894dca6dc3d7e0a99a873b0f004d7aabc30ae407d3f48b0a79"
url = "https://github.com/koalaman/shellcheck/releases/download/v0.11.0/shellcheck-v0.11.0.darwin.aarch64.tar.xz"
url_api = "https://api.github.com/repos/koalaman/shellcheck/releases/assets/279056932"

[tools."aqua:koalaman/shellcheck"."platforms.windows-arm64"]
checksum = "sha256:8a4e35ab0b331c85d73567b12f2a444df187f483e5079ceffa6bda1faa2e740e"
url = "https://github.com/koalaman/shellcheck/releases/download/v0.11.0/shellcheck-v0.11.0.zip"
url_api = "https://api.github.com/repos/koalaman/shellcheck/releases/assets/279056944"

[tools."aqua:koalaman/shellcheck"."platforms.windows-x64"]
checksum = "sha256:8a4e35ab0b331c85d73567b12f2a444df187f483e5079ceffa6bda1faa2e740e"
url = "https://github.com/koalaman/shellcheck/releases/download/v0.11.0/shellcheck-v0.11.0.zip"
url_api = "https://api.github.com/repos/koalaman/shellcheck/releases/assets/279056944"

[[tools."aqua:pnpm/pnpm"]]
version = "10.33.2"
backend = "aqua:pnpm/pnpm"

[tools."aqua:pnpm/pnpm"."platforms.linux-arm64"]
checksum = "sha256:0828e5ee23be89d22bd53cc36e93c181ce9d5c47d75f9fe9bf4bdc7a65c66322"
url = "https://github.com/pnpm/pnpm/releases/download/v10.33.2/pnpm-linux-arm64"
url_api = "https://api.github.com/repos/pnpm/pnpm/releases/assets/403384786"

[tools."aqua:pnpm/pnpm"."platforms.linux-x64"]
checksum = "sha256:39d7b6600239712bc9581ea219b17ffef46ba60998779cb717be2e068be029ef"
url = "https://github.com/pnpm/pnpm/releases/download/v10.33.2/pnpm-linux-x64"
url_api = "https://api.github.com/repos/pnpm/pnpm/releases/assets/403384787"

[tools."aqua:pnpm/pnpm"."platforms.macos-arm64"]
checksum = "sha256:a99a4d5d0e6bd3728949c24ff74a2f2f2d07f73bc48fd308e4eea75d8e72acdc"
url = "https://github.com/pnpm/pnpm/releases/download/v10.33.2/pnpm-macos-arm64"
url_api = "https://api.github.com/repos/pnpm/pnpm/releases/assets/403384783"

[tools."aqua:pnpm/pnpm"."platforms.windows-arm64"]
checksum = "sha256:3d1af71e9da7081efd58f95942e1f7e2107bf8fcdae03eb2331c0b6cea59510b"
url = "https://github.com/pnpm/pnpm/releases/download/v10.33.2/pnpm-win-x64.exe"
url_api = "https://api.github.com/repos/pnpm/pnpm/releases/assets/403384785"

[tools."aqua:pnpm/pnpm"."platforms.windows-x64"]
checksum = "sha256:3d1af71e9da7081efd58f95942e1f7e2107bf8fcdae03eb2331c0b6cea59510b"
url = "https://github.com/pnpm/pnpm/releases/download/v10.33.2/pnpm-win-x64.exe"
url_api = "https://api.github.com/repos/pnpm/pnpm/releases/assets/403384785"

[[tools."aqua:rhysd/actionlint"]]
version = "1.7.12"
backend = "aqua:rhysd/actionlint"

[tools."aqua:rhysd/actionlint"."platforms.linux-arm64"]
checksum = "sha256:325e971b6ba9bfa504672e29be93c24981eeb1c07576d730e9f7c8805afff0c6"
url = "https://github.com/rhysd/actionlint/releases/download/v1.7.12/actionlint_1.7.12_linux_arm64.tar.gz"
url_api = "https://api.github.com/repos/rhysd/actionlint/releases/assets/384924897"
provenance = "github-attestations"

[tools."aqua:rhysd/actionlint"."platforms.linux-x64"]
checksum = "sha256:8aca8db96f1b94770f1b0d72b6dddcb1ebb8123cb3712530b08cc387b349a3d8"
url = "https://github.com/rhysd/actionlint/releases/download/v1.7.12/actionlint_1.7.12_linux_amd64.tar.gz"
url_api = "https://api.github.com/repos/rhysd/actionlint/releases/assets/384924896"
provenance = "github-attestations"

[tools."aqua:rhysd/actionlint"."platforms.macos-arm64"]
checksum = "sha256:aba9ced2dee8d27fecca3dc7feb1a7f9a52caefa1eb46f3271ea66b6e0e6953f"
url = "https://github.com/rhysd/actionlint/releases/download/v1.7.12/actionlint_1.7.12_darwin_arm64.tar.gz"
url_api = "https://api.github.com/repos/rhysd/actionlint/releases/assets/384924893"
provenance = "github-attestations"

[tools."aqua:rhysd/actionlint"."platforms.windows-arm64"]
checksum = "sha256:cadcf7ea4efe3a68728893813643cebe1185e5b1d4be5b96245f65c9a4d5ea41"
url = "https://github.com/rhysd/actionlint/releases/download/v1.7.12/actionlint_1.7.12_windows_arm64.zip"
url_api = "https://api.github.com/repos/rhysd/actionlint/releases/assets/384924915"
provenance = "github-attestations"

[tools."aqua:rhysd/actionlint"."platforms.windows-x64"]
checksum = "sha256:6e7241b51e6817ea6a047693d8e6fed13b31819c9a0dd6c5a726e1592d22f6e9"
url = "https://github.com/rhysd/actionlint/releases/download/v1.7.12/actionlint_1.7.12_windows_amd64.zip"
url_api = "https://api.github.com/repos/rhysd/actionlint/releases/assets/384924919"
provenance = "github-attestations"

[[tools."github:sargunv/jvl"]]
version = "2026.05.03"
backend = "github:sargunv/jvl"

[tools."github:sargunv/jvl"."platforms.linux-arm64"]
checksum = "sha256:0c4ccd104374fe4c918138dd3c2c523cbec4e35e20e8a132d3d0e2d3777b335f"
url = "https://github.com/sargunv/jvl/releases/download/v2026.05.03/jvl-aarch64-unknown-linux-musl.tar.gz"
url_api = "https://api.github.com/repos/sargunv/jvl/releases/assets/411400579"

[tools."github:sargunv/jvl"."platforms.linux-x64"]
checksum = "sha256:dc8ffce4bf652742f944f53f759b77acf9f3fb556230de7c4e5564619ff41ac6"
url = "https://github.com/sargunv/jvl/releases/download/v2026.05.03/jvl-x86_64-unknown-linux-musl.tar.gz"
url_api = "https://api.github.com/repos/sargunv/jvl/releases/assets/411400580"

[tools."github:sargunv/jvl"."platforms.macos-arm64"]
checksum = "sha256:d0085ecd250c56a65cc33aa371d59ecf856e7e338960f3e80cb1a953ff2d8c7d"
url = "https://github.com/sargunv/jvl/releases/download/v2026.05.03/jvl-aarch64-apple-darwin.tar.gz"
url_api = "https://api.github.com/repos/sargunv/jvl/releases/assets/411400582"

[tools."github:sargunv/jvl"."platforms.windows-arm64"]
checksum = "sha256:fd641debbac338b8cd59869b06ad77f95ff462c8d5d00dd046bd2af18e399440"
url = "https://github.com/sargunv/jvl/releases/download/v2026.05.03/jvl-aarch64-pc-windows-msvc.zip"
url_api = "https://api.github.com/repos/sargunv/jvl/releases/assets/411400581"

[tools."github:sargunv/jvl"."platforms.windows-x64"]
checksum = "sha256:adf29d4f9ff98b21492590d8887689093ea521792dbbbe80e032eb6ec37149e9"
url = "https://github.com/sargunv/jvl/releases/download/v2026.05.03/jvl-x86_64-pc-windows-msvc.zip"
url_api = "https://api.github.com/repos/sargunv/jvl/releases/assets/411400578"

[[tools.java]]
version = "zulu-25.36.15.0"
backend = "core:java"

[tools.java."platforms.linux-arm64"]
checksum = "sha256:ae04e25b16116ddd0f72cb387742d5122bb29c4b94f0fed08ff2bccc395f9daa"
url = "https://cdn.azul.com/zulu/bin/zulu25.36.15-ca-jdk25.0.4-linux_aarch64.tar.gz"

[tools.java."platforms.linux-x64"]
checksum = "sha256:e476f5c98952cb365ca77a814dbe3c74341e71ae76d1a87d1c0a69c7d2b1b2d0"
url = "https://cdn.azul.com/zulu/bin/zulu25.36.15-ca-jdk25.0.4-linux_x64.tar.gz"

[tools.java."platforms.macos-arm64"]
checksum = "sha256:c422f22713510992c764a7d577ae4f5add223529ab356993f38f8df2d4b247bd"
url = "https://cdn.azul.com/zulu/bin/zulu25.36.15-ca-jdk25.0.4-macosx_aarch64.tar.gz"

[tools.java."platforms.windows-arm64"]
checksum = "sha256:2e8468229aea447152343fff87dbebe5c339e1fbab143a8f227f6b2f388c0a8c"
url = "https://cdn.azul.com/zulu/bin/zulu25.36.15-ca-jdk25.0.4-win_aarch64.zip"

[tools.java."platforms.windows-x64"]
checksum = "sha256:a91265f0f0fb40155befe8f1cae7d1a0ae2ab4b7760f52733160d206637b50d1"
url = "https://cdn.azul.com/zulu/bin/zulu25.36.15-ca-jdk25.0.4-win_x64.zip"

[[tools.node]]
version = "24.19.0"
backend = "core:node"

[tools.node."platforms.linux-arm64"]
checksum = "sha256:d28c8a5bf0a808f0ed434a1dce8c54ae98f0371c0bd86ac58abc613f73e6643f"
url = "https://nodejs.org/dist/v24.19.0/node-v24.19.0-linux-arm64.tar.gz"

[tools.node."platforms.linux-x64"]
checksum = "sha256:f625d97cd707df4ff96254916fbc5ff014f09c09effe5a1e0ca8f6d41a8789d4"
url = "https://nodejs.org/dist/v24.19.0/node-v24.19.0-linux-x64.tar.gz"

[tools.node."platforms.macos-arm64"]
checksum = "sha256:8294b7aa9b03997481c06babf1e8b270c859358f27da57a11509afe537ac381d"
url = "https://nodejs.org/dist/v24.19.0/node-v24.19.0-darwin-arm64.tar.gz"

[tools.node."platforms.windows-arm64"]
checksum = "sha256:8502f4a50b458d4cc38ed8f2001556c2cd239d464920f74017926ccb1e1c157f"
url = "https://nodejs.org/dist/v24.19.0/node-v24.19.0-win-arm64.zip"

[tools.node."platforms.windows-x64"]
checksum = "sha256:57f71ab3652e797d84acddc79c81cc9ff1c6ddb2a1974cdb83f00fee9bff4c73"
url = "https://nodejs.org/dist/v24.19.0/node-v24.19.0-win-x64.zip"

[[tools.python]]
version = "3.14.7"
backend = "core:python"

[tools.python."platforms.linux-arm64"]
checksum = "sha256:4dba8d7e06199f841a9d6b54e4eb58d446a5c20c65085a916190dd0162c6e93b"
url = "https://github.com/astral-sh/python-build-standalone/releases/download/20260807/cpython-3.14.7+20260807-aarch64-unknown-linux-gnu-install_only_stripped.tar.gz"
provenance = "github-attestations"

[tools.python."platforms.linux-x64"]
checksum = "sha256:a2478d654ed51d443bae21ec20ad927f116b4f5aae4094ab74918a6aa38f0575"
url = "https://github.com/astral-sh/python-build-standalone/releases/download/20260807/cpython-3.14.7+20260807-x86_64-unknown-linux-gnu-install_only_stripped.tar.gz"
provenance = "github-attestations"

[tools.python."platforms.macos-arm64"]
checksum = "sha256:532645be202d3df8510ab318ca5faed92060a694c8327144e14fa81f31af0f6d"
url = "https://github.com/astral-sh/python-build-standalone/releases/download/20260807/cpython-3.14.7+20260807-aarch64-apple-darwin-install_only_stripped.tar.gz"
provenance = "github-attestations"

[tools.python."platforms.windows-arm64"]
checksum = "sha256:e43662b655c4a236e46e6e232fc40527422e7745f2bda9dba6051faa4f430bcb"
url = "https://github.com/astral-sh/python-build-standalone/releases/download/20260807/cpython-3.14.7+20260807-aarch64-pc-windows-msvc-install_only_stripped.tar.gz"
provenance = "github-attestations"

[tools.python."platforms.windows-x64"]
checksum = "sha256:840e368318d1630bd8efbd3f7de8fab32cb4bbd735baef733f9034f2676c6a92"
url = "https://github.com/astral-sh/python-build-standalone/releases/download/20260807/cpython-3.14.7+20260807-x86_64-pc-windows-msvc-install_only_stripped.tar.gz"
provenance = "github-attestations"

[[tools.swiftformat]]
version = "0.62.1"
backend = "github:nicklockwood/SwiftFormat"

[tools.swiftformat.options]
no_app = "true"

[tools.swiftformat."platforms.linux-arm64"]
checksum = "sha256:374b1975082970ac17c9b307639dbc0a148656434cd612cff06957e279020f34"
url = "https://github.com/nicklockwood/SwiftFormat/releases/download/0.62.1/swiftformat_linux_aarch64.zip"
url_api = "https://api.github.com/repos/nicklockwood/SwiftFormat/releases/assets/469280453"

[tools.swiftformat."platforms.linux-x64"]
checksum = "sha256:61ff55f3581e2144a4ad114831167102c38be853df75c1477d20b40a8e8120aa"
url = "https://github.com/nicklockwood/SwiftFormat/releases/download/0.62.1/swiftformat_linux.zip"
url_api = "https://api.github.com/repos/nicklockwood/SwiftFormat/releases/assets/469280423"

[tools.swiftformat."platforms.macos-arm64"]
checksum = "sha256:7cb1cb1fae04932047c7015441c543848e8e60e1572d808d080e0a1f1661114a"
url = "https://github.com/nicklockwood/SwiftFormat/releases/download/0.62.1/swiftformat.zip"
url_api = "https://api.github.com/repos/nicklockwood/SwiftFormat/releases/assets/469280411"

[tools.swiftformat."platforms.windows-arm64"]
checksum = "sha256:7cb1cb1fae04932047c7015441c543848e8e60e1572d808d080e0a1f1661114a"
url = "https://github.com/nicklockwood/SwiftFormat/releases/download/0.62.1/swiftformat.zip"
url_api = "https://api.github.com/repos/nicklockwood/SwiftFormat/releases/assets/469280411"

[tools.swiftformat."platforms.windows-x64"]
checksum = "sha256:7cb1cb1fae04932047c7015441c543848e8e60e1572d808d080e0a1f1661114a"
url = "https://github.com/nicklockwood/SwiftFormat/releases/download/0.62.1/swiftformat.zip"
url_api = "https://api.github.com/repos/nicklockwood/SwiftFormat/releases/assets/469280411"
