# THIS IS AN AUTOGENERATED FILE. DO NOT EDIT THIS FILE DIRECTLY.
# yarn lockfile v1


"@js-joda/core@3.2.0":
  version "3.2.0"
  resolved "https://registry.yarnpkg.com/@js-joda/core/-/core-3.2.0.tgz#3e61e21b7b2b8a6be746df1335cf91d70db2a273"
  integrity sha512-PMqgJ0sw5B7FKb2d5bWYIoxjri+QlW/Pys7+Rw82jSH0QN3rB05jZ/VrrsUdh1w4+i2kw9JOejXGq/KhDOX7Kg==

"@js-joda/timezone@2.22.0":
  version "2.22.0"
  resolved "https://registry.yarnpkg.com/@js-joda/timezone/-/timezone-2.22.0.tgz#dc0eea2b33c6bac4404240ce91095573543f5d3e"
  integrity sha512-9UNXxEztbcofD6XvV7xPrbzB2nE/AWaHr/XfugRZgVqg2vCZOVPnD8QI7GW164EFIWMw0c97Gs6STJ5dh0J99Q==

"@mapbox/jsonlint-lines-primitives@^2.0.3":
  version "2.0.3"
  resolved "https://registry.yarnpkg.com/@mapbox/jsonlint-lines-primitives/-/jsonlint-lines-primitives-2.0.3.tgz#7d7b0b971fbaf6d60953272db4df03020d3fb004"
  integrity sha512-0SElaV0uMxEnxzBhhX9WTuPyUeMsAN/SS0i16tjuba4/mio63MG9khjC1a0JAiPGXAwvwm4UfHJURCN7nyudQg==

"@mapbox/point-geometry@^1.1.0", "@mapbox/point-geometry@~1.1.0":
  version "1.1.0"
  resolved "https://registry.yarnpkg.com/@mapbox/point-geometry/-/point-geometry-1.1.0.tgz#3328fb54b3a1273bc619bf0a6baad8de37181749"
  integrity sha512-YGcBz1cg4ATXDCM/71L9xveh4dynfGmcLDqufR+nQQy3fKwsAZsWd/x4621/6uJaeB9mwOHE6hPeDgXz9uViUQ==

"@mapbox/tiny-sdf@^2.2.0":
  version "2.2.0"
  resolved "https://registry.yarnpkg.com/@mapbox/tiny-sdf/-/tiny-sdf-2.2.0.tgz#95dae0dc371b8c55c53d70f3e25d56823427f4c8"
  integrity sha512-LVL4wgI9YAum5V+LNVQO6QgFBPw7/MIIY4XJPNsPDMrjEwcE+JfKk1LuIl8GnF197ejVdC9QdPaxrx5gfgdGXg==

"@mapbox/unitbezier@^1.0.0":
  version "1.0.0"
  resolved "https://registry.yarnpkg.com/@mapbox/unitbezier/-/unitbezier-1.0.0.tgz#54319aff6c467bb1b909e04895c08cdb966bfbff"
  integrity sha512-fqd515fjBmANKGGsQ286E2Wvj/XvDFpGzwJxq4CI6jMQue6Oy04uCKp+JWKF00xRTmk6cEu1jPJ9p3xqH8YWqQ==

"@mapbox/vector-tile@^3.0.0":
  version "3.0.0"
  resolved "https://registry.yarnpkg.com/@mapbox/vector-tile/-/vector-tile-3.0.0.tgz#71a75acb5ee20c20adca5c4e1ffb5ef95a56e351"
  integrity sha512-Qf10S1uIHMk20ri/IVBnpS+esUEkVaR5Hftmz88jTInrpmWgPGJfPe3LVjjlE77trLx8tH6qjTG7uWH9hIq/0Q==
  dependencies:
    "@mapbox/point-geometry" "~1.1.0"
    "@types/geojson" "^7946.0.16"
    pbf "^5.0.0"

"@maplibre/geojson-vt@^6.1.1":
  version "6.1.1"
  resolved "https://registry.yarnpkg.com/@maplibre/geojson-vt/-/geojson-vt-6.1.1.tgz#25a032435b4ce2236ea0ba911aff5fb6d5454fc1"
  integrity sha512-FVMOcmSP/yqol45t7StApEyTL5/vmqBCuFhH9n+fFuINenhaX+YgHHIt1yJ86S8kln3uJLcMvmEU2cfn6E2eCQ==
  dependencies:
    kdbush "^4.1.0"

"@maplibre/maplibre-gl-style-spec@^26.2.1":
  version "26.4.1"
  resolved "https://registry.yarnpkg.com/@maplibre/maplibre-gl-style-spec/-/maplibre-gl-style-spec-26.4.1.tgz#e9cf3ed8f33b7f57c730f550375cb7ff115c1a93"
  integrity sha512-I/qcIKVFHFSg1Meu/eqHrkSTjIez0gCsSaK56TNPutM3TkE61aSq6F1cZ4Kg4KiNs3cpViLtubDjfyRcQCdEJQ==
  dependencies:
    "@mapbox/jsonlint-lines-primitives" "^2.0.3"
    "@mapbox/unitbezier" "^1.0.0"
    json-stringify-pretty-compact "^4.0.0"
    minimist "^1.2.8"
    quickselect "^3.0.0"
    tinyqueue "^3.0.0"

"@maplibre/mlt@^1.1.12":
  version "1.2.0"
  resolved "https://registry.yarnpkg.com/@maplibre/mlt/-/mlt-1.2.0.tgz#fe13acd002b926c9eb683394be83c3fe5ef5c135"
  integrity sha512-g45M8gEI4sMO3X9ib4K7n3ZKFf0qQOL+NMkHCnEK51lOrYFHiEssOuZncx1+miIgi1IEE2NcbRMcq8RBkL+QHA==
  dependencies:
    "@mapbox/point-geometry" "^1.1.0"

"@maplibre/vt-pbf@^4.3.2":
  version "4.3.2"
  resolved "https://registry.yarnpkg.com/@maplibre/vt-pbf/-/vt-pbf-4.3.2.tgz#cfcdbdadaf88b4cb8645e43c8eead77cd6546030"
  integrity sha512-j6p0AdjvAR19Z3XaCysle7A4ZSo08tYOzxD0Y9NQylwPAkwJJeYub5b2eVucdeDh7erhv69DahoLOevDRERRUw==
  dependencies:
    "@mapbox/point-geometry" "^1.1.0"
    "@types/geojson" "^7946.0.16"
    pbf "^5.1.0"

"@types/geojson@^7946.0.16":
  version "7946.0.16"
  resolved "https://registry.yarnpkg.com/@types/geojson/-/geojson-7946.0.16.tgz#8ebe53d69efada7044454e3305c19017d97ced2a"
  integrity sha512-6C8nqWur3j98U6+lXDfTUWIfgvZU+EumvpHKcYjujKH7woYyLj2sUmff0tRhrqM7BohUw7Pz3ZB1jj2gW9Fvmg==

earcut@^3.2.3:
  version "3.2.3"
  resolved "https://registry.yarnpkg.com/earcut/-/earcut-3.2.3.tgz#74aec19555a7e28773429826729d2e4bfeb19022"
  integrity sha512-vnS4AVwp1KHAF13i1vp1/2D5evWy3k5u/iW/B81QVsUZtV8cv2tU0b2VNFlqvh4kYwrFMDdjPCfAmfyJW9y14Q==

fflate@0.8.3:
  version "0.8.3"
  resolved "https://registry.yarnpkg.com/fflate/-/fflate-0.8.3.tgz#bc27d8eb30343d4d512abb03480202ce65d825fc"
  integrity sha512-tbZNuJrLwGUp3zshBtdy4W+ORxZuIh8a5ilyIEQDC5rY1f3U20JMry0Ll3WBzU58EZKsEuJFXhb5gwv8CsPvgA==

gl-matrix@^3.4.4:
  version "3.4.4"
  resolved "https://registry.yarnpkg.com/gl-matrix/-/gl-matrix-3.4.4.tgz#7789ee4982f62c7a7af447ee488f3bd6b0c77003"
  integrity sha512-latSnyDNt/8zYUB6VIJ6PCh2jBjJX6gnDsoCZ7LyW7GkqrD51EWwa9qCoGixj8YqBtETQK/xY7OmpTF8xz1DdQ==

json-stringify-pretty-compact@^4.0.0:
  version "4.0.0"
  resolved "https://registry.yarnpkg.com/json-stringify-pretty-compact/-/json-stringify-pretty-compact-4.0.0.tgz#cf4844770bddee3cb89a6170fe4b00eee5dbf1d4"
  integrity sha512-3CNZ2DnrpByG9Nqj6Xo8vqbjT4F6N+tb4Gb28ESAZjYZ5yqvmc56J+/kuIwkaAMOyblTQhUW7PxMkUb8Q36N3Q==

kdbush@^4.1.0:
  version "4.1.0"
  resolved "https://registry.yarnpkg.com/kdbush/-/kdbush-4.1.0.tgz#d504bc0447a59be4fb75533a5c25e316b3ed8859"
  integrity sha512-e9vurzrXJQrFX6ckpHP3bvj5l+9CnYzkxDNnNQ1h2QTqdWsUAJgXiKdGNcOa1EY85dU8KbQ+z/FdQdB7P+9yfQ==

maplibre-gl@6.2.0:
  version "6.2.0"
  resolved "https://registry.yarnpkg.com/maplibre-gl/-/maplibre-gl-6.2.0.tgz#cd7b092d438e3e9887d2f3359fbd3b9557a55fd4"
  integrity sha512-PaNYtxWmYgIdDHshXsnU3Pho+H9IPme9H6dTjZbFWNazi+Q5QgKgIlu2GiSGVtOZ77/Fz3n5/1/kGM6ETzu0Lg==
  dependencies:
    "@mapbox/point-geometry" "^1.1.0"
    "@mapbox/tiny-sdf" "^2.2.0"
    "@mapbox/unitbezier" "^1.0.0"
    "@mapbox/vector-tile" "^3.0.0"
    "@maplibre/geojson-vt" "^6.1.1"
    "@maplibre/maplibre-gl-style-spec" "^26.2.1"
    "@maplibre/mlt" "^1.1.12"
    "@maplibre/vt-pbf" "^4.3.2"
    "@types/geojson" "^7946.0.16"
    earcut "^3.2.3"
    gl-matrix "^3.4.4"
    kdbush "^4.1.0"
    murmurhash-js "^1.0.0"
    pbf "^5.1.2"
    potpack "^2.1.0"
    quickselect "^3.0.0"
    tinyqueue "^3.0.0"

minimist@^1.2.8:
  version "1.2.8"
  resolved "https://registry.yarnpkg.com/minimist/-/minimist-1.2.8.tgz#c1a464e7693302e082a075cee0c057741ac4772c"
  integrity sha512-2yyAR8qBkN3YuheJanUpWC5U3bb5osDywNB8RzDVlDwDHbocAJveqqj1u8+SVD7jkWT4yvsHCpWqqWqAxb0zCA==

murmurhash-js@^1.0.0:
  version "1.0.0"
  resolved "https://registry.yarnpkg.com/murmurhash-js/-/murmurhash-js-1.0.0.tgz#b06278e21fc6c37fa5313732b0412bcb6ae15f51"
  integrity sha512-TvmkNhkv8yct0SVBSy+o8wYzXjE4Zz3PCesbfs8HiCXXdcTuocApFv11UWlNFWKYsP2okqrhb7JNlSm9InBhIw==

pbf@^5.0.0, pbf@^5.1.0, pbf@^5.1.2:
  version "5.1.2"
  resolved "https://registry.yarnpkg.com/pbf/-/pbf-5.1.2.tgz#07c427819eda32f02f1ec9741558f61444f2e1c0"
  integrity sha512-mnvGdvOrIvJOBGUEdGkrVXjN8E/VkIJCkf2eS1DH2yv82ORUlLttmDt0rWY38yYZmVwciZwBUvHM20qxBZf40w==
  dependencies:
    resolve-protobuf-schema "^2.1.0"

potpack@^2.1.0:
  version "2.1.0"
  resolved "https://registry.yarnpkg.com/potpack/-/potpack-2.1.0.tgz#fe548e2f9061e9937f17191c1ab6dd98ca30e02f"
  integrity sha512-pcaShQc1Shq0y+E7GqJqvZj8DTthWV1KeHGdi0Z6IAin2Oi3JnLCOfwnCo84qc+HAp52wT9nK9H7FAJp5a44GQ==

protocol-buffers-schema@^3.3.1:
  version "3.6.1"
  resolved "https://registry.yarnpkg.com/protocol-buffers-schema/-/protocol-buffers-schema-3.6.1.tgz#fd9a58a5c4e96385b964808f3ddd58f9ef18c3c8"
  integrity sha512-VG2K63Igkiv9p76tk1lilczEK1cT+kCjKtkdhw1dQZV3k3IXJbd3o6Ho8b9zJZaHSnT2hKe4I+ObmX9w6m5SmQ==

quickselect@^3.0.0:
  version "3.0.0"
  resolved "https://registry.yarnpkg.com/quickselect/-/quickselect-3.0.0.tgz#a37fc953867d56f095a20ac71c6d27063d2de603"
  integrity sha512-XdjUArbK4Bm5fLLvlm5KpTFOiOThgfWWI4axAZDWg4E/0mKdZyI9tNEfds27qCi1ze/vwTR16kvmmGhRra3c2g==

resolve-protobuf-schema@^2.1.0:
  version "2.1.0"
  resolved "https://registry.yarnpkg.com/resolve-protobuf-schema/-/resolve-protobuf-schema-2.1.0.tgz#9ca9a9e69cf192bbdaf1006ec1973948aa4a3758"
  integrity sha512-kI5ffTiZWmJaS/huM8wZfEMer1eRd7oJQhDuxeCLe3t7N7mX3z94CN0xPxBQxFYQTSNz9T0i+v6inKqSdK8xrQ==
  dependencies:
    protocol-buffers-schema "^3.3.1"

tinyqueue@^3.0.0:
  version "3.0.0"
  resolved "https://registry.yarnpkg.com/tinyqueue/-/tinyqueue-3.0.0.tgz#101ea761ccc81f979e29200929e78f1556e3661e"
  integrity sha512-gRa9gwYU3ECmQYv3lslts5hxuIa90veaEcxDYuu3QGOIAEM2mOZkVHp48ANJuu1CURtRdHKUBY5Lm1tHV+sD4g==

ws@8.20.1:
  version "8.20.1"
  resolved "https://registry.yarnpkg.com/ws/-/ws-8.20.1.tgz#91a9ae2b312ccf98e0a85ec499b48cef45ab0ddb"
  integrity sha512-It4dO0K5v//JtTXuPkfEOaI3uUN87iYPnqo/ZzqCoG3g8uhA66QUMs/SrM0YK7/NAu+r4LMh/9dq2A7k+rHs+w==
